
Microsoft Visual Studio Solution File, Format Version 12.00
# Visual Studio 15
VisualStudioVersion = 15.0.27004.2002
MinimumVisualStudioVersion = 10.0.40219.1
Project("{FAE04EC0-301F-11D3-BF4B-00C04F79EFBC}") = "WBPayments_Logic", "WBPayments_Logic.csproj", "{A5293755-EE7E-4822-A1A5-AFAB30745969}"
EndProject
Project("{FAE04EC0-301F-11D3-BF4B-00C04F79EFBC}") = "WBPayments_API", "..\paymentsgateway-api\WBPayments_API.csproj", "{2461EA75-552D-462A-BC19-4084B20C2ADB}"
EndProject
Project("{E24C65DC-7377-472B-9ABA-BC803B73C61A}") = "paymentsgateway-client", "..\paymentsgateway-client\", "{3787D0FE-83B0-4447-B04B-E64F7E9AD4B5}"
	ProjectSection(WebsiteProperties) = preProject
		TargetFrameworkMoniker = ".NETFramework,Version%3Dv4.6.1"
		Debug.AspNetCompiler.VirtualPath = "/localhost_55991"
		Debug.AspNetCompiler.PhysicalPath = "..\paymentsgateway-client\"
		Debug.AspNetCompiler.TargetPath = "PrecompiledWeb\localhost_55991\"
		Debug.AspNetCompiler.Updateable = "true"
		Debug.AspNetCompiler.ForceOverwrite = "true"
		Debug.AspNetCompiler.FixedNames = "false"
		Debug.AspNetCompiler.Debug = "True"
		Release.AspNetCompiler.VirtualPath = "/localhost_55991"
		Release.AspNetCompiler.PhysicalPath = "..\paymentsgateway-client\"
		Release.AspNetCompiler.TargetPath = "PrecompiledWeb\localhost_55991\"
		Release.AspNetCompiler.Updateable = "true"
		Release.AspNetCompiler.ForceOverwrite = "true"
		Release.AspNetCompiler.FixedNames = "false"
		Release.AspNetCompiler.Debug = "False"
		VWDPort = "55991"
		SlnRelativePath = "..\paymentsgateway-client\"
	EndProjectSection
EndProject
Global
	GlobalSection(SolutionConfigurationPlatforms) = preSolution
		Debug|Any CPU = Debug|Any CPU
		Release|Any CPU = Release|Any CPU
	EndGlobalSection
	GlobalSection(ProjectConfigurationPlatforms) = postSolution
		{A5293755-EE7E-4822-A1A5-AFAB30745969}.Debug|Any CPU.ActiveCfg = Debug|Any CPU
		{A5293755-EE7E-4822-A1A5-AFAB30745969}.Debug|Any CPU.Build.0 = Debug|Any CPU
		{A5293755-EE7E-4822-A1A5-AFAB30745969}.Release|Any CPU.ActiveCfg = Release|Any CPU
		{A5293755-EE7E-4822-A1A5-AFAB30745969}.Release|Any CPU.Build.0 = Release|Any CPU
		{2461EA75-552D-462A-BC19-4084B20C2ADB}.Debug|Any CPU.ActiveCfg = Debug|Any CPU
		{2461EA75-552D-462A-BC19-4084B20C2ADB}.Debug|Any CPU.Build.0 = Debug|Any CPU
		{2461EA75-552D-462A-BC19-4084B20C2ADB}.Release|Any CPU.ActiveCfg = Release|Any CPU
		{2461EA75-552D-462A-BC19-4084B20C2ADB}.Release|Any CPU.Build.0 = Release|Any CPU
		{3787D0FE-83B0-4447-B04B-E64F7E9AD4B5}.Debug|Any CPU.ActiveCfg = Debug|Any CPU
		{3787D0FE-83B0-4447-B04B-E64F7E9AD4B5}.Debug|Any CPU.Build.0 = Debug|Any CPU
		{3787D0FE-83B0-4447-B04B-E64F7E9AD4B5}.Release|Any CPU.ActiveCfg = Debug|Any CPU
		{3787D0FE-83B0-4447-B04B-E64F7E9AD4B5}.Release|Any CPU.Build.0 = Debug|Any CPU
	EndGlobalSection
	GlobalSection(SolutionProperties) = preSolution
		HideSolutionNode = FALSE
	EndGlobalSection
	GlobalSection(ExtensibilityGlobals) = postSolution
		SolutionGuid = {EACF66C8-B2A4-4C8F-97A0-859E51C3DEAA}
	EndGlobalSection
EndGlobal
